# THIS IS AN AUTOGENERATED FILE. DO NOT EDIT THIS FILE DIRECTLY.
# yarn lockfile v1


clsx@^2.1.1:
  version "2.1.1"
  resolved "https://registry.yarnpkg.com/clsx/-/clsx-2.1.1.tgz#eed397c9fd8bd882bfb18deab7102049a2f32999"
  integrity sha512-eYm0QWBtUrBWZWG0d386OGAw16Z995PiOVo2B7bjWSbHedGl5e0ZWaq65kOGgUSNesEIDkB9ISbTg/JK9dhCZA==

framer-motion@^11.5.6:
  version "11.5.6"
  resolved "https://registry.yarnpkg.com/framer-motion/-/framer-motion-11.5.6.tgz#84b8519319f8f98efa62f4c592310f31e85b0459"
  integrity sha512-JMwUpAxv/DWgul9vPgX0ElKn0G66sUc6O9tOXsYwn3zxwvhxFljSXC0XT2QCzuTYBshwC8nyDAa1SYcV0Ldbhw==
  dependencies:
    tslib "^2.4.0"

tailwind-merge@^2.5.2:
  version "2.5.2"
  resolved "https://registry.yarnpkg.com/tailwind-merge/-/tailwind-merge-2.5.2.tgz#000f05a703058f9f9f3829c644235f81d4c08a1f"
  integrity sha512-kjEBm+pvD+6eAwzJL2Bi+02/9LFLal1Gs61+QB7HvTfQQ0aXwC5LGT8PEt1gS0CWKktKe6ysPTAy3cBC5MeiIg==

tslib@^2.4.0:
  version "2.7.0"
  resolved "https://registry.yarnpkg.com/tslib/-/tslib-2.7.0.tgz#d9b40c5c40ab59e8738f297df3087bf1a2690c01"
  integrity sha512-gLXCKdN1/j47AiHiOkJN69hJmcbGTHI0ImLmbYLHykhgeN0jVGola9yVjFgzCUklsZQMW55o+dW7IXv3RCXDzA==
